
Microsoft Visual Studio Solution File, Format Version 12.00
# Visual Studio Version 17
VisualStudioVersion = 17.13.35931.197 d17.13
MinimumVisualStudioVersion = 10.0.40219.1
Project("{FAE04EC0-301F-11D3-BF4B-00C04F79EFBC}") = "TestDataBaseSchema", "TestDataBaseSchema.csproj", "{9C0FE732-9B7F-30E8-0EA5-305684EED4D4}"
EndProject
Global
	GlobalSection(SolutionConfigurationPlatforms) = preSolution
		Debug|Any CPU = Debug|Any CPU
		Release|Any CPU = Release|Any CPU
	EndGlobalSection
	GlobalSection(ProjectConfigurationPlatforms) = postSolution
		{9C0FE732-9B7F-30E8-0EA5-305684EED4D4}.Debug|Any CPU.ActiveCfg = Debug|Any CPU
		{9C0FE732-9B7F-30E8-0EA5-305684EED4D4}.Debug|Any CPU.Build.0 = Debug|Any CPU
		{9C0FE732-9B7F-30E8-0EA5-305684EED4D4}.Release|Any CPU.ActiveCfg = Release|Any CPU
		{9C0FE732-9B7F-30E8-0EA5-305684EED4D4}.Release|Any CPU.Build.0 = Release|Any CPU
	EndGlobalSection
	GlobalSection(SolutionProperties) = preSolution
		HideSolutionNode = FALSE
	EndGlobalSection
	GlobalSection(ExtensibilityGlobals) = postSolution
		SolutionGuid = {9C071192-949E-4116-9EB1-6C00E7413717}
	EndGlobalSection
EndGlobal
